// !$*UTF8*$!
{
	archiveVersion = 1;
	classes = {
	};
	objectVersion = 56;
	objects = {

/* Begin PBXBuildFile section */
		871345BE6A27B2CFC1058965 /* Pods_EmoDiaryTests.framework in Frameworks */ = {isa = PBXBuildFile; fileRef = 6DC944EDD16FFAF34BDFC865 /* Pods_EmoDiaryTests.framework */; };
		BDFCF5E90FC682E9164EC661 /* Pods_EmoDiary.framework in Frameworks */ = {isa = PBXBuildFile; fileRef = B9AE80E17B0F1861C57D6C84 /* Pods_EmoDiary.framework */; };
		BFC2B2BE058AB148B92984D6 /* Pods_EmoDiary_EmoDiaryUITests.framework in Frameworks */ = {isa = PBXBuildFile; fileRef = D24D47F4285B390F985AE6F4 /* Pods_EmoDiary_EmoDiaryUITests.framework */; };
		C820AC3629C18489005DDAC7 /* AppDelegate.swift in Sources */ = {isa = PBXBuildFile; fileRef = C820AC3529C18489005DDAC7 /* AppDelegate.swift */; };
		C820AC3829C18489005DDAC7 /* SceneDelegate.swift in Sources */ = {isa = PBXBuildFile; fileRef = C820AC3729C18489005DDAC7 /* SceneDelegate.swift */; };
		C820AC3A29C18489005DDAC7 /* CalendarController.swift in Sources */ = {isa = PBXBuildFile; fileRef = C820AC3929C18489005DDAC7 /* CalendarController.swift */; };
		C820AC4029C18489005DDAC7 /* EmoDiary.xcdatamodeld in Sources */ = {isa = PBXBuildFile; fileRef = C820AC3E29C18489005DDAC7 /* EmoDiary.xcdatamodeld */; };
		C820AC4229C1848A005DDAC7 /* Assets.xcassets in Resources */ = {isa = PBXBuildFile; fileRef = C820AC4129C1848A005DDAC7 /* Assets.xcassets */; };
		C820AC4529C1848A005DDAC7 /* LaunchScreen.storyboard in Resources */ = {isa = PBXBuildFile; fileRef = C820AC4329C1848A005DDAC7 /* LaunchScreen.storyboard */; };
		C820AC5029C1848A005DDAC7 /* EmoDiaryTests.swift in Sources */ = {isa = PBXBuildFile; fileRef = C820AC4F29C1848A005DDAC7 /* EmoDiaryTests.swift */; };
		C820AC5A29C1848A005DDAC7 /* EmoDiaryUITests.swift in Sources */ = {isa = PBXBuildFile; fileRef = C820AC5929C1848A005DDAC7 /* EmoDiaryUITests.swift */; };
		C820AC5C29C1848A005DDAC7 /* EmoDiaryUITestsLaunchTests.swift in Sources */ = {isa = PBXBuildFile; fileRef = C820AC5B29C1848A005DDAC7 /* EmoDiaryUITestsLaunchTests.swift */; };
		C8A47D9C29D6CB5800AC3F64 /* SplashController.swift in Sources */ = {isa = PBXBuildFile; fileRef = C8A47D9B29D6CB5800AC3F64 /* SplashController.swift */; };
		C8A47D9F29D6CBA400AC3F64 /* 109643-rapturous-emoji.json in Resources */ = {isa = PBXBuildFile; fileRef = C8A47D9E29D6CBA400AC3F64 /* 109643-rapturous-emoji.json */; };
		C8A47DA129D6D07500AC3F64 /* ListController.swift in Sources */ = {isa = PBXBuildFile; fileRef = C8A47DA029D6D07500AC3F64 /* ListController.swift */; };
		C8A47DA329D6D07A00AC3F64 /* ListView.swift in Sources */ = {isa = PBXBuildFile; fileRef = C8A47DA229D6D07A00AC3F64 /* ListView.swift */; };
		C8C3434129CADF3100CDC0BE /* PostController.swift in Sources */ = {isa = PBXBuildFile; fileRef = C8C3434029CADF3100CDC0BE /* PostController.swift */; };
		C8C3434329CADFA200CDC0BE /* PostView.swift in Sources */ = {isa = PBXBuildFile; fileRef = C8C3434229CADFA200CDC0BE /* PostView.swift */; };
		C8CA451D29C812BA004EE516 /* CalendarView.swift in Sources */ = {isa = PBXBuildFile; fileRef = C8CA451C29C812BA004EE516 /* CalendarView.swift */; };
		C8CA456329C827A8004EE516 /* DataModel.swift in Sources */ = {isa = PBXBuildFile; fileRef = C8CA456229C827A8004EE516 /* DataModel.swift */; };
/* End PBXBuildFile section */

/* Begin PBXContainerItemProxy section */
		C820AC4C29C1848A005DDAC7 /* PBXContainerItemProxy */ = {
			isa = PBXContainerItemProxy;
			containerPortal = C820AC2A29C18489005DDAC7 /* Project object */;
			proxyType = 1;
			remoteGlobalIDString = C820AC3129C18489005DDAC7;
			remoteInfo = EmoDiary;
		};
		C820AC5629C1848A005DDAC7 /* PBXContainerItemProxy */ = {
			isa = PBXContainerItemProxy;
			containerPortal = C820AC2A29C18489005DDAC7 /* Project object */;
			proxyType = 1;
			remoteGlobalIDString = C820AC3129C18489005DDAC7;
			remoteInfo = EmoDiary;
		};
/* End PBXContainerItemProxy section */

/* Begin PBXFileReference section */
		0AFD1AF8DF7F874E7D0A8892 /* Pods-EmoDiary-EmoDiaryUITests.release.xcconfig */ = {isa = PBXFileReference; includeInIndex = 1; lastKnownFileType = text.xcconfig; name = "Pods-EmoDiary-EmoDiaryUITests.release.xcconfig"; path = "Target Support Files/Pods-EmoDiary-EmoDiaryUITests/Pods-EmoDiary-EmoDiaryUITests.release.xcconfig"; sourceTree = "<group>"; };
		40E7772AD19C875AF1CC09F0 /* Pods-EmoDiary.debug.xcconfig */ = {isa = PBXFileReference; includeInIndex = 1; lastKnownFileType = text.xcconfig; name = "Pods-EmoDiary.debug.xcconfig"; path = "Target Support Files/Pods-EmoDiary/Pods-EmoDiary.debug.xcconfig"; sourceTree = "<group>"; };
		60A71C3807D7A2CAA32BDB4E /* Pods-EmoDiary.release.xcconfig */ = {isa = PBXFileReference; includeInIndex = 1; lastKnownFileType = text.xcconfig; name = "Pods-EmoDiary.release.xcconfig"; path = "Target Support Files/Pods-EmoDiary/Pods-EmoDiary.release.xcconfig"; sourceTree = "<group>"; };
		6595F08DDF21AFC69CF2D94E /* Pods-EmoDiaryTests.release.xcconfig */ = {isa = PBXFileReference; includeInIndex = 1; lastKnownFileType = text.xcconfig; name = "Pods-EmoDiaryTests.release.xcconfig"; path = "Target Support Files/Pods-EmoDiaryTests/Pods-EmoDiaryTests.release.xcconfig"; sourceTree = "<group>"; };
		6DC944EDD16FFAF34BDFC865 /* Pods_EmoDiaryTests.framework */ = {isa = PBXFileReference; explicitFileType = wrapper.framework; includeInIndex = 0; path = Pods_EmoDiaryTests.framework; sourceTree = BUILT_PRODUCTS_DIR; };
		B9AE80E17B0F1861C57D6C84 /* Pods_EmoDiary.framework */ = {isa = PBXFileReference; explicitFileType = wrapper.framework; includeInIndex = 0; path = Pods_EmoDiary.framework; sourceTree = BUILT_PRODUCTS_DIR; };
		C820AC3229C18489005DDAC7 /* EmoDiary.app */ = {isa = PBXFileReference; explicitFileType = wrapper.application; includeInIndex = 0; path = EmoDiary.app; sourceTree = BUILT_PRODUCTS_DIR; };
		C820AC3529C18489005DDAC7 /* AppDelegate.swift */ = {isa = PBXFileReference; lastKnownFileType = sourcecode.swift; path = AppDelegate.swift; sourceTree = "<group>"; };
		C820AC3729C18489005DDAC7 /* SceneDelegate.swift */ = {isa = PBXFileReference; lastKnownFileType = sourcecode.swift; path = SceneDelegate.swift; sourceTree = "<group>"; };
		C820AC3929C18489005DDAC7 /* CalendarController.swift */ = {isa = PBXFileReference; lastKnownFileType = sourcecode.swift; path = CalendarController.swift; sourceTree = "<group>"; };
		C820AC3F29C18489005DDAC7 /* EmoDiary.xcdatamodel */ = {isa = PBXFileReference; lastKnownFileType = wrapper.xcdatamodel; path = EmoDiary.xcdatamodel; sourceTree = "<group>"; };
		C820AC4129C1848A005DDAC7 /* Assets.xcassets */ = {isa = PBXFileReference; lastKnownFileType = folder.assetcatalog; path = Assets.xcassets; sourceTree = "<group>"; };
		C820AC4429C1848A005DDAC7 /* Base */ = {isa = PBXFileReference; lastKnownFileType = file.storyboard; name = Base; path = Base.lproj/LaunchScreen.storyboard; sourceTree = "<group>"; };
		C820AC4629C1848A005DDAC7 /* Info.plist */ = {isa = PBXFileReference; lastKnownFileType = text.plist.xml; path = Info.plist; sourceTree = "<group>"; };
		C820AC4B29C1848A005DDAC7 /* EmoDiaryTests.xctest */ = {isa = PBXFileReference; explicitFileType = wrapper.cfbundle; includeInIndex = 0; path = EmoDiaryTests.xctest; sourceTree = BUILT_PRODUCTS_DIR; };
		C820AC4F29C1848A005DDAC7 /* EmoDiaryTests.swift */ = {isa = PBXFileReference; lastKnownFileType = sourcecode.swift; path = EmoDiaryTests.swift; sourceTree = "<group>"; };
		C820AC5529C1848A005DDAC7 /* EmoDiaryUITests.xctest */ = {isa = PBXFileReference; explicitFileType = wrapper.cfbundle; includeInIndex = 0; path = EmoDiaryUITests.xctest; sourceTree = BUILT_PRODUCTS_DIR; };
		C820AC5929C1848A005DDAC7 /* EmoDiaryUITests.swift */ = {isa = PBXFileReference; lastKnownFileType = sourcecode.swift; path = EmoDiaryUITests.swift; sourceTree = "<group>"; };
		C820AC5B29C1848A005DDAC7 /* EmoDiaryUITestsLaunchTests.swift */ = {isa = PBXFileReference; lastKnownFileType = sourcecode.swift; path = EmoDiaryUITestsLaunchTests.swift; sourceTree = "<group>"; };
		C8A47D9B29D6CB5800AC3F64 /* SplashController.swift */ = {isa = PBXFileReference; lastKnownFileType = sourcecode.swift; path = SplashController.swift; sourceTree = "<group>"; };
		C8A47D9E29D6CBA400AC3F64 /* 109643-rapturous-emoji.json */ = {isa = PBXFileReference; fileEncoding = 4; lastKnownFileType = text.json; path = "109643-rapturous-emoji.json"; sourceTree = "<group>"; };
		C8A47DA029D6D07500AC3F64 /* ListController.swift */ = {isa = PBXFileReference; lastKnownFileType = sourcecode.swift; path = ListController.swift; sourceTree = "<group>"; };
		C8A47DA229D6D07A00AC3F64 /* ListView.swift */ = {isa = PBXFileReference; lastKnownFileType = sourcecode.swift; path = ListView.swift; sourceTree = "<group>"; };
		C8C3434029CADF3100CDC0BE /* PostController.swift */ = {isa = PBXFileReference; lastKnownFileType = sourcecode.swift; path = PostController.swift; sourceTree = "<group>"; };
		C8C3434229CADFA200CDC0BE /* PostView.swift */ = {isa = PBXFileReference; lastKnownFileType = sourcecode.swift; path = PostView.swift; sourceTree = "<group>"; };
		C8CA451C29C812BA004EE516 /* CalendarView.swift */ = {isa = PBXFileReference; lastKnownFileType = sourcecode.swift; path = CalendarView.swift; sourceTree = "<group>"; };
		C8CA456229C827A8004EE516 /* DataModel.swift */ = {isa = PBXFileReference; lastKnownFileType = sourcecode.swift; path = DataModel.swift; sourceTree = "<group>"; };
		CC19A46595CC731E0315D144 /* Pods-EmoDiaryTests.debug.xcconfig */ = {isa = PBXFileReference; includeInIndex = 1; lastKnownFileType = text.xcconfig; name = "Pods-EmoDiaryTests.debug.xcconfig"; path = "Target Support Files/Pods-EmoDiaryTests/Pods-EmoDiaryTests.debug.xcconfig"; sourceTree = "<group>"; };
		D24D47F4285B390F985AE6F4 /* Pods_EmoDiary_EmoDiaryUITests.framework */ = {isa = PBXFileReference; explicitFileType = wrapper.framework; includeInIndex = 0; path = Pods_EmoDiary_EmoDiaryUITests.framework; sourceTree = BUILT_PRODUCTS_DIR; };
		DBFBC4E258B1D2554964F231 /* Pods-EmoDiary-EmoDiaryUITests.debug.xcconfig */ = {isa = PBXFileReference; includeInIndex = 1; lastKnownFileType = text.xcconfig; name = "Pods-EmoDiary-EmoDiaryUITests.debug.xcconfig"; path = "Target Support Files/Pods-EmoDiary-EmoDiaryUITests/Pods-EmoDiary-EmoDiaryUITests.debug.xcconfig"; sourceTree = "<group>"; };
/* End PBXFileReference section */

/* Begin PBXFrameworksBuildPhase section */
		C820AC2F29C18489005DDAC7 /* Frameworks */ = {
			isa = PBXFrameworksBuildPhase;
			buildActionMask = 2147483647;
			files = (
				BDFCF5E90FC682E9164EC661 /* Pods_EmoDiary.framework in Frameworks */,
			);
			runOnlyForDeploymentPostprocessing = 0;
		};
		C820AC4829C1848A005DDAC7 /* Frameworks */ = {
			isa = PBXFrameworksBuildPhase;
			buildActionMask = 2147483647;
			files = (
				871345BE6A27B2CFC1058965 /* Pods_EmoDiaryTests.framework in Frameworks */,
			);
			runOnlyForDeploymentPostprocessing = 0;
		};
		C820AC5229C1848A005DDAC7 /* Frameworks */ = {
			isa = PBXFrameworksBuildPhase;
			buildActionMask = 2147483647;
			files = (
				BFC2B2BE058AB148B92984D6 /* Pods_EmoDiary_EmoDiaryUITests.framework in Frameworks */,
			);
			runOnlyForDeploymentPostprocessing = 0;
		};
/* End PBXFrameworksBuildPhase section */

/* Begin PBXGroup section */
		131B897AFCAB29E0E35589D4 /* Pods */ = {
			isa = PBXGroup;
			children = (
				40E7772AD19C875AF1CC09F0 /* Pods-EmoDiary.debug.xcconfig */,
				60A71C3807D7A2CAA32BDB4E /* Pods-EmoDiary.release.xcconfig */,
				DBFBC4E258B1D2554964F231 /* Pods-EmoDiary-EmoDiaryUITests.debug.xcconfig */,
				0AFD1AF8DF7F874E7D0A8892 /* Pods-EmoDiary-EmoDiaryUITests.release.xcconfig */,
				CC19A46595CC731E0315D144 /* Pods-EmoDiaryTests.debug.xcconfig */,
				6595F08DDF21AFC69CF2D94E /* Pods-EmoDiaryTests.release.xcconfig */,
			);
			path = Pods;
			sourceTree = "<group>";
		};
		8D4AAC362D2165E387D588A7 /* Frameworks */ = {
			isa = PBXGroup;
			children = (
				B9AE80E17B0F1861C57D6C84 /* Pods_EmoDiary.framework */,
				D24D47F4285B390F985AE6F4 /* Pods_EmoDiary_EmoDiaryUITests.framework */,
				6DC944EDD16FFAF34BDFC865 /* Pods_EmoDiaryTests.framework */,
			);
			name = Frameworks;
			sourceTree = "<group>";
		};
		C820AC2929C18489005DDAC7 = {
			isa = PBXGroup;
			children = (
				C820AC3429C18489005DDAC7 /* EmoDiary */,
				C820AC4E29C1848A005DDAC7 /* EmoDiaryTests */,
				C820AC5829C1848A005DDAC7 /* EmoDiaryUITests */,
				C820AC3329C18489005DDAC7 /* Products */,
				131B897AFCAB29E0E35589D4 /* Pods */,
				8D4AAC362D2165E387D588A7 /* Frameworks */,
			);
			sourceTree = "<group>";
		};
		C820AC3329C18489005DDAC7 /* Products */ = {
			isa = PBXGroup;
			children = (
				C820AC3229C18489005DDAC7 /* EmoDiary.app */,
				C820AC4B29C1848A005DDAC7 /* EmoDiaryTests.xctest */,
				C820AC5529C1848A005DDAC7 /* EmoDiaryUITests.xctest */,
			);
			name = Products;
			sourceTree = "<group>";
		};
		C820AC3429C18489005DDAC7 /* EmoDiary */ = {
			isa = PBXGroup;
			children = (
				C8A47D9D29D6CB6C00AC3F64 /* JSON */,
				C8CA451B29C81270004EE516 /* Controller */,
				C8CA451A29C8126B004EE516 /* View */,
				C8CA451929C81263004EE516 /* Model */,
				C820AC3529C18489005DDAC7 /* AppDelegate.swift */,
				C820AC3729C18489005DDAC7 /* SceneDelegate.swift */,
				C820AC4129C1848A005DDAC7 /* Assets.xcassets */,
				C820AC4329C1848A005DDAC7 /* LaunchScreen.storyboard */,
				C820AC4629C1848A005DDAC7 /* Info.plist */,
				C820AC3E29C18489005DDAC7 /* EmoDiary.xcdatamodeld */,
			);
			path = EmoDiary;
			sourceTree = "<group>";
		};
		C820AC4E29C1848A005DDAC7 /* EmoDiaryTests */ = {
			isa = PBXGroup;
			children = (
				C820AC4F29C1848A005DDAC7 /* EmoDiaryTests.swift */,
			);
			path = EmoDiaryTests;
			sourceTree = "<group>";
		};
		C820AC5829C1848A005DDAC7 /* EmoDiaryUITests */ = {
			isa = PBXGroup;
			children = (
				C820AC5929C1848A005DDAC7 /* EmoDiaryUITests.swift */,
				C820AC5B29C1848A005DDAC7 /* EmoDiaryUITestsLaunchTests.swift */,
			);
			path = EmoDiaryUITests;
			sourceTree = "<group>";
		};
		C8A47D9D29D6CB6C00AC3F64 /* JSON */ = {
			isa = PBXGroup;
			children = (
				C8A47D9E29D6CBA400AC3F64 /* 109643-rapturous-emoji.json */,
			);
			path = JSON;
			sourceTree = "<group>";
		};
		C8CA451929C81263004EE516 /* Model */ = {
			isa = PBXGroup;
			children = (
				C8CA456229C827A8004EE516 /* DataModel.swift */,
			);
			path = Model;
			sourceTree = "<group>";
		};
		C8CA451A29C8126B004EE516 /* View */ = {
			isa = PBXGroup;
			children = (
				C8CA451C29C812BA004EE516 /* CalendarView.swift */,
				C8C3434229CADFA200CDC0BE /* PostView.swift */,
				C8A47DA229D6D07A00AC3F64 /* ListView.swift */,
			);
			path = View;
			sourceTree = "<group>";
		};
		C8CA451B29C81270004EE516 /* Controller */ = {
			isa = PBXGroup;
			children = (
				C8A47D9B29D6CB5800AC3F64 /* SplashController.swift */,
				C820AC3929C18489005DDAC7 /* CalendarController.swift */,
				C8C3434029CADF3100CDC0BE /* PostController.swift */,
				C8A47DA029D6D07500AC3F64 /* ListController.swift */,
			);
			path = Controller;
			sourceTree = "<group>";
		};
/* End PBXGroup section */

/* Begin PBXNativeTarget section */
		C820AC3129C18489005DDAC7 /* EmoDiary */ = {
			isa = PBXNativeTarget;
			buildConfigurationList = C820AC5F29C1848A005DDAC7 /* Build configuration list for PBXNativeTarget "EmoDiary" */;
			buildPhases = (
				F6D0172D1708855E707E8038 /* [CP] Check Pods Manifest.lock */,
				C820AC2E29C18489005DDAC7 /* Sources */,
				C820AC2F29C18489005DDAC7 /* Frameworks */,
				C820AC3029C18489005DDAC7 /* Resources */,
				1FA354702A5750E131841D34 /* [CP] Embed Pods Frameworks */,
			);
			buildRules = (
			);
			dependencies = (
			);
			name = EmoDiary;
			productName = EmoDiary;
			productReference = C820AC3229C18489005DDAC7 /* EmoDiary.app */;
			productType = "com.apple.product-type.application";
		};
		C820AC4A29C1848A005DDAC7 /* EmoDiaryTests */ = {
			isa = PBXNativeTarget;
			buildConfigurationList = C820AC6229C1848A005DDAC7 /* Build configuration list for PBXNativeTarget "EmoDiaryTests" */;
			buildPhases = (
				3D2325AA62EEB0EF78824229 /* [CP] Check Pods Manifest.lock */,
				C820AC4729C1848A005DDAC7 /* Sources */,
				C820AC4829C1848A005DDAC7 /* Frameworks */,
				C820AC4929C1848A005DDAC7 /* Resources */,
			);
			buildRules = (
			);
			dependencies = (
				C820AC4D29C1848A005DDAC7 /* PBXTargetDependency */,
			);
			name = EmoDiaryTests;
			productName = EmoDiaryTests;
			productReference = C820AC4B29C1848A005DDAC7 /* EmoDiaryTests.xctest */;
			productType = "com.apple.product-type.bundle.unit-test";
		};
		C820AC5429C1848A005DDAC7 /* EmoDiaryUITests */ = {
			isa = PBXNativeTarget;
			buildConfigurationList = C820AC6529C1848A005DDAC7 /* Build configuration list for PBXNativeTarget "EmoDiaryUITests" */;
			buildPhases = (
				36BD56AA1AFD5D73079C486D /* [CP] Check Pods Manifest.lock */,
				C820AC5129C1848A005DDAC7 /* Sources */,
				C820AC5229C1848A005DDAC7 /* Frameworks */,
				C820AC5329C1848A005DDAC7 /* Resources */,
				BBFAB28EF6C7D84C93C388BF /* [CP] Embed Pods Frameworks */,
			);
			buildRules = (
			);
			dependencies = (
				C820AC5729C1848A005DDAC7 /* PBXTargetDependency */,
			);
			name = EmoDiaryUITests;
			productName = EmoDiaryUITests;
			productReference = C820AC5529C1848A005DDAC7 /* EmoDiaryUITests.xctest */;
			productType = "com.apple.product-type.bundle.ui-testing";
		};
/* End PBXNativeTarget section */

/* Begin PBXProject section */
		C820AC2A29C18489005DDAC7 /* Project object */ = {
			isa = PBXProject;
			attributes = {
				BuildIndependentTargetsInParallel = 1;
				LastSwiftUpdateCheck = 1420;
				LastUpgradeCheck = 1420;
				TargetAttributes = {
					C820AC3129C18489005DDAC7 = {
						CreatedOnToolsVersion = 14.2;
					};
					C820AC4A29C1848A005DDAC7 = {
						CreatedOnToolsVersion = 14.2;
						TestTargetID = C820AC3129C18489005DDAC7;
					};
					C820AC5429C1848A005DDAC7 = {
						CreatedOnToolsVersion = 14.2;
						TestTargetID = C820AC3129C18489005DDAC7;
					};
				};
			};
			buildConfigurationList = C820AC2D29C18489005DDAC7 /* Build configuration list for PBXProject "EmoDiary" */;
			compatibilityVersion = "Xcode 14.0";
			developmentRegion = en;
			hasScannedForEncodings = 0;
			knownRegions = (
				en,
				Base,
			);
			mainGroup = C820AC2929C18489005DDAC7;
			productRefGroup = C820AC3329C18489005DDAC7 /* Products */;
			projectDirPath = "";
			projectRoot = "";
			targets = (
				C820AC3129C18489005DDAC7 /* EmoDiary */,
				C820AC4A29C1848A005DDAC7 /* EmoDiaryTests */,
				C820AC5429C1848A005DDAC7 /* EmoDiaryUITests */,
			);
		};
/* End PBXProject section */

/* Begin PBXResourcesBuildPhase section */
		C820AC3029C18489005DDAC7 /* Resources */ = {
			isa = PBXResourcesBuildPhase;
			buildActionMask = 2147483647;
			files = (
				C8A47D9F29D6CBA400AC3F64 /* 109643-rapturous-emoji.json in Resources */,
				C820AC4529C1848A005DDAC7 /* LaunchScreen.storyboard in Resources */,
				C820AC4229C1848A005DDAC7 /* Assets.xcassets in Resources */,
			);
			runOnlyForDeploymentPostprocessing = 0;
		};
		C820AC4929C1848A005DDAC7 /* Resources */ = {
			isa = PBXResourcesBuildPhase;
			buildActionMask = 2147483647;
			files = (
			);
			runOnlyForDeploymentPostprocessing = 0;
		};
		C820AC5329C1848A005DDAC7 /* Resources */ = {
			isa = PBXResourcesBuildPhase;
			buildActionMask = 2147483647;
			files = (
			);
			runOnlyForDeploymentPostprocessing = 0;
		};
/* End PBXResourcesBuildPhase section */

/* Begin PBXShellScriptBuildPhase section */
		1FA354702A5750E131841D34 /* [CP] Embed Pods Frameworks */ = {
			isa = PBXShellScriptBuildPhase;
			buildActionMask = 2147483647;
			files = (
			);
			inputFileListPaths = (
				"${PODS_ROOT}/Target Support Files/Pods-EmoDiary/Pods-EmoDiary-frameworks-${CONFIGURATION}-input-files.xcfilelist",
			);
			name = "[CP] Embed Pods Frameworks";
			outputFileListPaths = (
				"${PODS_ROOT}/Target Support Files/Pods-EmoDiary/Pods-EmoDiary-frameworks-${CONFIGURATION}-output-files.xcfilelist",
			);
			runOnlyForDeploymentPostprocessing = 0;
			shellPath = /bin/sh;
			shellScript = "\"${PODS_ROOT}/Target Support Files/Pods-EmoDiary/Pods-EmoDiary-frameworks.sh\"\n";
			showEnvVarsInLog = 0;
		};
		36BD56AA1AFD5D73079C486D /* [CP] Check Pods Manifest.lock */ = {
			isa = PBXShellScriptBuildPhase;
			buildActionMask = 2147483647;
			files = (
			);
			inputFileListPaths = (
			);
			inputPaths = (
				"${PODS_PODFILE_DIR_PATH}/Podfile.lock",
				"${PODS_ROOT}/Manifest.lock",
			);
			name = "[CP] Check Pods Manifest.lock";
			outputFileListPaths = (
			);
			outputPaths = (
				"$(DERIVED_FILE_DIR)/Pods-EmoDiary-EmoDiaryUITests-checkManifestLockResult.txt",
			);
			runOnlyForDeploymentPostprocessing = 0;
			shellPath = /bin/sh;
			shellScript = "diff \"${PODS_PODFILE_DIR_PATH}/Podfile.lock\" \"${PODS_ROOT}/Manifest.lock\" > /dev/null\nif [ $? != 0 ] ; then\n    # print error to STDERR\n    echo \"error: The sandbox is not in sync with the Podfile.lock. Run 'pod install' or update your CocoaPods installation.\" >&2\n    exit 1\nfi\n# This output is used by Xcode 'outputs' to avoid re-running this script phase.\necho \"SUCCESS\" > \"${SCRIPT_OUTPUT_FILE_0}\"\n";
			showEnvVarsInLog = 0;
		};
		3D2325AA62EEB0EF78824229 /* [CP] Check Pods Manifest.lock */ = {
			isa = PBXShellScriptBuildPhase;
			buildActionMask = 2147483647;
			files = (
			);
			inputFileListPaths = (
			);
			inputPaths = (
				"${PODS_PODFILE_DIR_PATH}/Podfile.lock",
				"${PODS_ROOT}/Manifest.lock",
			);
			name = "[CP] Check Pods Manifest.lock";
			outputFileListPaths = (
			);
			outputPaths = (
				"$(DERIVED_FILE_DIR)/Pods-EmoDiaryTests-checkManifestLockResult.txt",
			);
			runOnlyForDeploymentPostprocessing = 0;
			shellPath = /bin/sh;
			shellScript = "diff \"${PODS_PODFILE_DIR_PATH}/Podfile.lock\" \"${PODS_ROOT}/Manifest.lock\" > /dev/null\nif [ $? != 0 ] ; then\n    # print error to STDERR\n    echo \"error: The sandbox is not in sync with the Podfile.lock. Run 'pod install' or update your CocoaPods installation.\" >&2\n    exit 1\nfi\n# This output is used by Xcode 'outputs' to avoid re-running this script phase.\necho \"SUCCESS\" > \"${SCRIPT_OUTPUT_FILE_0}\"\n";
			showEnvVarsInLog = 0;
		};
		BBFAB28EF6C7D84C93C388BF /* [CP] Embed Pods Frameworks */ = {
			isa = PBXShellScriptBuildPhase;
			buildActionMask = 2147483647;
			files = (
			);
			inputFileListPaths = (
				"${PODS_ROOT}/Target Support Files/Pods-EmoDiary-EmoDiaryUITests/Pods-EmoDiary-EmoDiaryUITests-frameworks-${CONFIGURATION}-input-files.xcfilelist",
			);
			name = "[CP] Embed Pods Frameworks";
			outputFileListPaths = (
				"${PODS_ROOT}/Target Support Files/Pods-EmoDiary-EmoDiaryUITests/Pods-EmoDiary-EmoDiaryUITests-frameworks-${CONFIGURATION}-output-files.xcfilelist",
			);
			runOnlyForDeploymentPostprocessing = 0;
			shellPath = /bin/sh;
			shellScript = "\"${PODS_ROOT}/Target Support Files/Pods-EmoDiary-EmoDiaryUITests/Pods-EmoDiary-EmoDiaryUITests-frameworks.sh\"\n";
			showEnvVarsInLog = 0;
		};
		F6D0172D1708855E707E8038 /* [CP] Check Pods Manifest.lock */ = {
			isa = PBXShellScriptBuildPhase;
			buildActionMask = 2147483647;
			files = (
			);
			inputFileListPaths = (
			);
			inputPaths = (
				"${PODS_PODFILE_DIR_PATH}/Podfile.lock",
				"${PODS_ROOT}/Manifest.lock",
			);
			name = "[CP] Check Pods Manifest.lock";
			outputFileListPaths = (
			);
			outputPaths = (
				"$(DERIVED_FILE_DIR)/Pods-EmoDiary-checkManifestLockResult.txt",
			);
			runOnlyForDeploymentPostprocessing = 0;
			shellPath = /bin/sh;
			shellScript = "diff \"${PODS_PODFILE_DIR_PATH}/Podfile.lock\" \"${PODS_ROOT}/Manifest.lock\" > /dev/null\nif [ $? != 0 ] ; then\n    # print error to STDERR\n    echo \"error: The sandbox is not in sync with the Podfile.lock. Run 'pod install' or update your CocoaPods installation.\" >&2\n    exit 1\nfi\n# This output is used by Xcode 'outputs' to avoid re-running this script phase.\necho \"SUCCESS\" > \"${SCRIPT_OUTPUT_FILE_0}\"\n";
			showEnvVarsInLog = 0;
		};
/* End PBXShellScriptBuildPhase section */

/* Begin PBXSourcesBuildPhase section */
		C820AC2E29C18489005DDAC7 /* Sources */ = {
			isa = PBXSourcesBuildPhase;
			buildActionMask = 2147483647;
			files = (
				C8A47DA329D6D07A00AC3F64 /* ListView.swift in Sources */,
				C820AC3A29C18489005DDAC7 /* CalendarController.swift in Sources */,
				C8A47DA129D6D07500AC3F64 /* ListController.swift in Sources */,
				C820AC3629C18489005DDAC7 /* AppDelegate.swift in Sources */,
				C820AC3829C18489005DDAC7 /* SceneDelegate.swift in Sources */,
				C8CA456329C827A8004EE516 /* DataModel.swift in Sources */,
				C8C3434129CADF3100CDC0BE /* PostController.swift in Sources */,
				C8C3434329CADFA200CDC0BE /* PostView.swift in Sources */,
				C8CA451D29C812BA004EE516 /* CalendarView.swift in Sources */,
				C820AC4029C18489005DDAC7 /* EmoDiary.xcdatamodeld in Sources */,
				C8A47D9C29D6CB5800AC3F64 /* SplashController.swift in Sources */,
			);
			runOnlyForDeploymentPostprocessing = 0;
		};
		C820AC4729C1848A005DDAC7 /* Sources */ = {
			isa = PBXSourcesBuildPhase;
			buildActionMask = 2147483647;
			files = (
				C820AC5029C1848A005DDAC7 /* EmoDiaryTests.swift in Sources */,
			);
			runOnlyForDeploymentPostprocessing = 0;
		};
		C820AC5129C1848A005DDAC7 /* Sources */ = {
			isa = PBXSourcesBuildPhase;
			buildActionMask = 2147483647;
			files = (
				C820AC5C29C1848A005DDAC7 /* EmoDiaryUITestsLaunchTests.swift in Sources */,
				C820AC5A29C1848A005DDAC7 /* EmoDiaryUITests.swift in Sources */,
			);
			runOnlyForDeploymentPostprocessing = 0;
		};
/* End PBXSourcesBuildPhase section */

/* Begin PBXTargetDependency section */
		C820AC4D29C1848A005DDAC7 /* PBXTargetDependency */ = {
			isa = PBXTargetDependency;
			target = C820AC3129C18489005DDAC7 /* EmoDiary */;
			targetProxy = C820AC4C29C1848A005DDAC7 /* PBXContainerItemProxy */;
		};
		C820AC5729C1848A005DDAC7 /* PBXTargetDependency */ = {
			isa = PBXTargetDependency;
			target = C820AC3129C18489005DDAC7 /* EmoDiary */;
			targetProxy = C820AC5629C1848A005DDAC7 /* PBXContainerItemProxy */;
		};
/* End PBXTargetDependency section */

/* Begin PBXVariantGroup section */
		C820AC4329C1848A005DDAC7 /* LaunchScreen.storyboard */ = {
			isa = PBXVariantGroup;
			children = (
				C820AC4429C1848A005DDAC7 /* Base */,
			);
			name = LaunchScreen.storyboard;
			sourceTree = "<group>";
		};
/* End PBXVariantGroup section */

/* Begin XCBuildConfiguration section */
		C820AC5D29C1848A005DDAC7 /* Debug */ = {
			isa = XCBuildConfiguration;
			buildSettings = {
				ALWAYS_SEARCH_USER_PATHS = NO;
				CLANG_ANALYZER_NONNULL = YES;
				CLANG_ANALYZER_NUMBER_OBJECT_CONVERSION = YES_AGGRESSIVE;
				CLANG_CXX_LANGUAGE_STANDARD = "gnu++20";
				CLANG_ENABLE_MODULES = YES;
				CLANG_ENABLE_OBJC_ARC = YES;
				CLANG_ENABLE_OBJC_WEAK = YES;
				CLANG_WARN_BLOCK_CAPTURE_AUTORELEASING = YES;
				CLANG_WARN_BOOL_CONVERSION = YES;
				CLANG_WARN_COMMA = YES;
				CLANG_WARN_CONSTANT_CONVERSION = YES;
				CLANG_WARN_DEPRECATED_OBJC_IMPLEMENTATIONS = YES;
				CLANG_WARN_DIRECT_OBJC_ISA_USAGE = YES_ERROR;
				CLANG_WARN_DOCUMENTATION_COMMENTS = YES;
				CLANG_WARN_EMPTY_BODY = YES;
				CLANG_WARN_ENUM_CONVERSION = YES;
				CLANG_WARN_INFINITE_RECURSION = YES;
				CLANG_WARN_INT_CONVERSION = YES;
				CLANG_WARN_NON_LITERAL_NULL_CONVERSION = YES;
				CLANG_WARN_OBJC_IMPLICIT_RETAIN_SELF = YES;
				CLANG_WARN_OBJC_LITERAL_CONVERSION = YES;
				CLANG_WARN_OBJC_ROOT_CLASS = YES_ERROR;
				CLANG_WARN_QUOTED_INCLUDE_IN_FRAMEWORK_HEADER = YES;
				CLANG_WARN_RANGE_LOOP_ANALYSIS = YES;
				CLANG_WARN_STRICT_PROTOTYPES = YES;
				CLANG_WARN_SUSPICIOUS_MOVE = YES;
				CLANG_WARN_UNGUARDED_AVAILABILITY = YES_AGGRESSIVE;
				CLANG_WARN_UNREACHABLE_CODE = YES;
				CLANG_WARN__DUPLICATE_METHOD_MATCH = YES;
				COPY_PHASE_STRIP = NO;
				DEBUG_INFORMATION_FORMAT = dwarf;
				ENABLE_STRICT_OBJC_MSGSEND = YES;
				ENABLE_TESTABILITY = YES;
				GCC_C_LANGUAGE_STANDARD = gnu11;
				GCC_DYNAMIC_NO_PIC = NO;
				GCC_NO_COMMON_BLOCKS = YES;
				GCC_OPTIMIZATION_LEVEL = 0;
				GCC_PREPROCESSOR_DEFINITIONS = (
					"DEBUG=1",
					"$(inherited)",
				);
				GCC_WARN_64_TO_32_BIT_CONVERSION = YES;
				GCC_WARN_ABOUT_RETURN_TYPE = YES_ERROR;
				GCC_WARN_UNDECLARED_SELECTOR = YES;
				GCC_WARN_UNINITIALIZED_AUTOS = YES_AGGRESSIVE;
				GCC_WARN_UNUSED_FUNCTION = YES;
				GCC_WARN_UNUSED_VARIABLE = YES;
				IPHONEOS_DEPLOYMENT_TARGET = 14.0;
				MTL_ENABLE_DEBUG_INFO = INCLUDE_SOURCE;
				MTL_FAST_MATH = YES;
				ONLY_ACTIVE_ARCH = YES;
				SDKROOT = iphoneos;
				SWIFT_ACTIVE_COMPILATION_CONDITIONS = DEBUG;
				SWIFT_OPTIMIZATION_LEVEL = "-Onone";
			};
			name = Debug;
		};
		C820AC5E29C1848A005DDAC7 /* Release */ = {
			isa = XCBuildConfiguration;
			buildSettings = {
				ALWAYS_SEARCH_USER_PATHS = NO;
				CLANG_ANALYZER_NONNULL = YES;
				CLANG_ANALYZER_NUMBER_OBJECT_CONVERSION = YES_AGGRESSIVE;
				CLANG_CXX_LANGUAGE_STANDARD = "gnu++20";
				CLANG_ENABLE_MODULES = YES;
				CLANG_ENABLE_OBJC_ARC = YES;
				CLANG_ENABLE_OBJC_WEAK = YES;
				CLANG_WARN_BLOCK_CAPTURE_AUTORELEASING = YES;
				CLANG_WARN_BOOL_CONVERSION = YES;
				CLANG_WARN_COMMA = YES;
				CLANG_WARN_CONSTANT_CONVERSION = YES;
				CLANG_WARN_DEPRECATED_OBJC_IMPLEMENTATIONS = YES;
				CLANG_WARN_DIRECT_OBJC_ISA_USAGE = YES_ERROR;
				CLANG_WARN_DOCUMENTATION_COMMENTS = YES;
				CLANG_WARN_EMPTY_BODY = YES;
				CLANG_WARN_ENUM_CONVERSION = YES;
				CLANG_WARN_INFINITE_RECURSION = YES;
				CLANG_WARN_INT_CONVERSION = YES;
				CLANG_WARN_NON_LITERAL_NULL_CONVERSION = YES;
				CLANG_WARN_OBJC_IMPLICIT_RETAIN_SELF = YES;
				CLANG_WARN_OBJC_LITERAL_CONVERSION = YES;
				CLANG_WARN_OBJC_ROOT_CLASS = YES_ERROR;
				CLANG_WARN_QUOTED_INCLUDE_IN_FRAMEWORK_HEADER = YES;
				CLANG_WARN_RANGE_LOOP_ANALYSIS = YES;
				CLANG_WARN_STRICT_PROTOTYPES = YES;
				CLANG_WARN_SUSPICIOUS_MOVE = YES;
				CLANG_WARN_UNGUARDED_AVAILABILITY = YES_AGGRESSIVE;
				CLANG_WARN_UNREACHABLE_CODE = YES;
				CLANG_WARN__DUPLICATE_METHOD_MATCH = YES;
				COPY_PHASE_STRIP = NO;
				DEBUG_INFORMATION_FORMAT = "dwarf-with-dsym";
				ENABLE_NS_ASSERTIONS = NO;
				ENABLE_STRICT_OBJC_MSGSEND = YES;
				GCC_C_LANGUAGE_STANDARD = gnu11;
				GCC_NO_COMMON_BLOCKS = YES;
				GCC_WARN_64_TO_32_BIT_CONVERSION = YES;
				GCC_WARN_ABOUT_RETURN_TYPE = YES_ERROR;
				GCC_WARN_UNDECLARED_SELECTOR = YES;
				GCC_WARN_UNINITIALIZED_AUTOS = YES_AGGRESSIVE;
				GCC_WARN_UNUSED_FUNCTION = YES;
				GCC_WARN_UNUSED_VARIABLE = YES;
				IPHONEOS_DEPLOYMENT_TARGET = 14.0;
				MTL_ENABLE_DEBUG_INFO = NO;
				MTL_FAST_MATH = YES;
				SDKROOT = iphoneos;
				SWIFT_COMPILATION_MODE = wholemodule;
				SWIFT_OPTIMIZATION_LEVEL = "-O";
				VALIDATE_PRODUCT = YES;
			};
			name = Release;
		};
		C820AC6029C1848A005DDAC7 /* Debug */ = {
			isa = XCBuildConfiguration;
			baseConfigurationReference = 40E7772AD19C875AF1CC09F0 /* Pods-EmoDiary.debug.xcconfig */;
			buildSettings = {
				ASSETCATALOG_COMPILER_APPICON_NAME = AppIcon;
				ASSETCATALOG_COMPILER_GLOBAL_ACCENT_COLOR_NAME = AccentColor;
				"CODE_SIGN_IDENTITY[sdk=iphoneos*]" = "iPhone Distribution";
				CODE_SIGN_STYLE = Manual;
				CURRENT_PROJECT_VERSION = 2;
				DEVELOPMENT_TEAM = "";
				"DEVELOPMENT_TEAM[sdk=iphoneos*]" = 97X895QCW2;
				GENERATE_INFOPLIST_FILE = YES;
				INFOPLIST_FILE = EmoDiary/Info.plist;
				INFOPLIST_KEY_UIApplicationSupportsIndirectInputEvents = YES;
				INFOPLIST_KEY_UILaunchStoryboardName = LaunchScreen;
				INFOPLIST_KEY_UIMainStoryboardFile = "";
				INFOPLIST_KEY_UISupportedInterfaceOrientations_iPad = "UIInterfaceOrientationPortrait UIInterfaceOrientationPortraitUpsideDown UIInterfaceOrientationLandscapeLeft UIInterfaceOrientationLandscapeRight";
				INFOPLIST_KEY_UISupportedInterfaceOrientations_iPhone = "UIInterfaceOrientationPortrait UIInterfaceOrientationLandscapeLeft UIInterfaceOrientationLandscapeRight";
				IPHONEOS_DEPLOYMENT_TARGET = 15.0;
				LD_RUNPATH_SEARCH_PATHS = (
					"$(inherited)",
					"@executable_path/Frameworks",
				);
				MARKETING_VERSION = 1.0;
				PRODUCT_BUNDLE_IDENTIFIER = com.seowonpark.EmoDiary;
				PRODUCT_NAME = "$(TARGET_NAME)";
				PROVISIONING_PROFILE_SPECIFIER = "";
				"PROVISIONING_PROFILE_SPECIFIER[sdk=iphoneos*]" = "Appstore - com.seowonpark.Emodiary";
				SUPPORTED_PLATFORMS = "iphoneos iphonesimulator";
				SUPPORTS_MACCATALYST = NO;
				SUPPORTS_MAC_DESIGNED_FOR_IPHONE_IPAD = NO;
				SWIFT_EMIT_LOC_STRINGS = YES;
				SWIFT_VERSION = 5.0;
				TARGETED_DEVICE_FAMILY = 1;
			};
			name = Debug;
		};
		C820AC6129C1848A005DDAC7 /* Release */ = {
			isa = XCBuildConfiguration;
			baseConfigurationReference = 60A71C3807D7A2CAA32BDB4E /* Pods-EmoDiary.release.xcconfig */;
			buildSettings = {
				ASSETCATALOG_COMPILER_APPICON_NAME = AppIcon;
				ASSETCATALOG_COMPILER_GLOBAL_ACCENT_COLOR_NAME = AccentColor;
				"CODE_SIGN_IDENTITY[sdk=iphoneos*]" = "iPhone Distribution";
				CODE_SIGN_STYLE = Manual;
				CURRENT_PROJECT_VERSION = 2;
				DEVELOPMENT_TEAM = "";
				"DEVELOPMENT_TEAM[sdk=iphoneos*]" = 97X895QCW2;
				GENERATE_INFOPLIST_FILE = YES;
				INFOPLIST_FILE = EmoDiary/Info.plist;
				INFOPLIST_KEY_UIApplicationSupportsIndirectInputEvents = YES;
				INFOPLIST_KEY_UILaunchStoryboardName = LaunchScreen;
				INFOPLIST_KEY_UIMainStoryboardFile = "";
				INFOPLIST_KEY_UISupportedInterfaceOrientations_iPad = "UIInterfaceOrientationPortrait UIInterfaceOrientationPortraitUpsideDown UIInterfaceOrientationLandscapeLeft UIInterfaceOrientationLandscapeRight";
				INFOPLIST_KEY_UISupportedInterfaceOrientations_iPhone = "UIInterfaceOrientationPortrait UIInterfaceOrientationLandscapeLeft UIInterfaceOrientationLandscapeRight";
				IPHONEOS_DEPLOYMENT_TARGET = 15.0;
				LD_RUNPATH_SEARCH_PATHS = (
					"$(inherited)",
					"@executable_path/Frameworks",
				);
				MARKETING_VERSION = 1.0;
				PRODUCT_BUNDLE_IDENTIFIER = com.seowonpark.EmoDiary;
				PRODUCT_NAME = "$(TARGET_NAME)";
				PROVISIONING_PROFILE_SPECIFIER = "";
				"PROVISIONING_PROFILE_SPECIFIER[sdk=iphoneos*]" = "Appstore - com.seowonpark.Emodiary";
				SUPPORTED_PLATFORMS = "iphoneos iphonesimulator";
				SUPPORTS_MACCATALYST = NO;
				SUPPORTS_MAC_DESIGNED_FOR_IPHONE_IPAD = NO;
				SWIFT_EMIT_LOC_STRINGS = YES;
				SWIFT_VERSION = 5.0;
				TARGETED_DEVICE_FAMILY = 1;
			};
			name = Release;
		};
		C820AC6329C1848A005DDAC7 /* Debug */ = {
			isa = XCBuildConfiguration;
			baseConfigurationReference = CC19A46595CC731E0315D144 /* Pods-EmoDiaryTests.debug.xcconfig */;
			buildSettings = {
				ALWAYS_EMBED_SWIFT_STANDARD_LIBRARIES = YES;
				BUNDLE_LOADER = "$(TEST_HOST)";
				CODE_SIGN_STYLE = Automatic;
				CURRENT_PROJECT_VERSION = 1;
				GENERATE_INFOPLIST_FILE = YES;
				IPHONEOS_DEPLOYMENT_TARGET = 16.2;
				MARKETING_VERSION = 1.0;
				PRODUCT_BUNDLE_IDENTIFIER = com.seowonpark.EmoDiaryTests;
				PRODUCT_NAME = "$(TARGET_NAME)";
				SWIFT_EMIT_LOC_STRINGS = NO;
				SWIFT_VERSION = 5.0;
				TARGETED_DEVICE_FAMILY = "1,2";
				TEST_HOST = "$(BUILT_PRODUCTS_DIR)/EmoDiary.app/$(BUNDLE_EXECUTABLE_FOLDER_PATH)/EmoDiary";
			};
			name = Debug;
		};
		C820AC6429C1848A005DDAC7 /* Release */ = {
			isa = XCBuildConfiguration;
			baseConfigurationReference = 6595F08DDF21AFC69CF2D94E /* Pods-EmoDiaryTests.release.xcconfig */;
			buildSettings = {
				ALWAYS_EMBED_SWIFT_STANDARD_LIBRARIES = YES;
				BUNDLE_LOADER = "$(TEST_HOST)";
				CODE_SIGN_STYLE = Automatic;
				CURRENT_PROJECT_VERSION = 1;
				GENERATE_INFOPLIST_FILE = YES;
				IPHONEOS_DEPLOYMENT_TARGET = 16.2;
				MARKETING_VERSION = 1.0;
				PRODUCT_BUNDLE_IDENTIFIER = com.seowonpark.EmoDiaryTests;
				PRODUCT_NAME = "$(TARGET_NAME)";
				SWIFT_EMIT_LOC_STRINGS = NO;
				SWIFT_VERSION = 5.0;
				TARGETED_DEVICE_FAMILY = "1,2";
				TEST_HOST = "$(BUILT_PRODUCTS_DIR)/EmoDiary.app/$(BUNDLE_EXECUTABLE_FOLDER_PATH)/EmoDiary";
			};
			name = Release;
		};
		C820AC6629C1848A005DDAC7 /* Debug */ = {
			isa = XCBuildConfiguration;
			baseConfigurationReference = DBFBC4E258B1D2554964F231 /* Pods-EmoDiary-EmoDiaryUITests.debug.xcconfig */;
			buildSettings = {
				ALWAYS_EMBED_SWIFT_STANDARD_LIBRARIES = YES;
				CODE_SIGN_STYLE = Automatic;
				CURRENT_PROJECT_VERSION = 1;
				GENERATE_INFOPLIST_FILE = YES;
				MARKETING_VERSION = 1.0;
				PRODUCT_BUNDLE_IDENTIFIER = com.seowonpark.EmoDiaryUITests;
				PRODUCT_NAME = "$(TARGET_NAME)";
				SWIFT_EMIT_LOC_STRINGS = NO;
				SWIFT_VERSION = 5.0;
				TARGETED_DEVICE_FAMILY = "1,2";
				TEST_TARGET_NAME = EmoDiary;
			};
			name = Debug;
		};
		C820AC6729C1848A005DDAC7 /* Release */ = {
			isa = XCBuildConfiguration;
			baseConfigurationReference = 0AFD1AF8DF7F874E7D0A8892 /* Pods-EmoDiary-EmoDiaryUITests.release.xcconfig */;
			buildSettings = {
				ALWAYS_EMBED_SWIFT_STANDARD_LIBRARIES = YES;
				CODE_SIGN_STYLE = Automatic;
				CURRENT_PROJECT_VERSION = 1;
				GENERATE_INFOPLIST_FILE = YES;
				MARKETING_VERSION = 1.0;
				PRODUCT_BUNDLE_IDENTIFIER = com.seowonpark.EmoDiaryUITests;
				PRODUCT_NAME = "$(TARGET_NAME)";
				SWIFT_EMIT_LOC_STRINGS = NO;
				SWIFT_VERSION = 5.0;
				TARGETED_DEVICE_FAMILY = "1,2";
				TEST_TARGET_NAME = EmoDiary;
			};
			name = Release;
		};
/* End XCBuildConfiguration section */

/* Begin XCConfigurationList section */
		C820AC2D29C18489005DDAC7 /* Build configuration list for PBXProject "EmoDiary" */ = {
			isa = XCConfigurationList;
			buildConfigurations = (
				C820AC5D29C1848A005DDAC7 /* Debug */,
				C820AC5E29C1848A005DDAC7 /* Release */,
			);
			defaultConfigurationIsVisible = 0;
			defaultConfigurationName = Release;
		};
		C820AC5F29C1848A005DDAC7 /* Build configuration list for PBXNativeTarget "EmoDiary" */ = {
			isa = XCConfigurationList;
			buildConfigurations = (
				C820AC6029C1848A005DDAC7 /* Debug */,
				C820AC6129C1848A005DDAC7 /* Release */,
			);
			defaultConfigurationIsVisible = 0;
			defaultConfigurationName = Release;
		};
		C820AC6229C1848A005DDAC7 /* Build configuration list for PBXNativeTarget "EmoDiaryTests" */ = {
			isa = XCConfigurationList;
			buildConfigurations = (
				C820AC6329C1848A005DDAC7 /* Debug */,
				C820AC6429C1848A005DDAC7 /* Release */,
			);
			defaultConfigurationIsVisible = 0;
			defaultConfigurationName = Release;
		};
		C820AC6529C1848A005DDAC7 /* Build configuration list for PBXNativeTarget "EmoDiaryUITests" */ = {
			isa = XCConfigurationList;
			buildConfigurations = (
				C820AC6629C1848A005DDAC7 /* Debug */,
				C820AC6729C1848A005DDAC7 /* Release */,
			);
			defaultConfigurationIsVisible = 0;
			defaultConfigurationName = Release;
		};
/* End XCConfigurationList section */

/* Begin XCVersionGroup section */
		C820AC3E29C18489005DDAC7 /* EmoDiary.xcdatamodeld */ = {
			isa = XCVersionGroup;
			children = (
				C820AC3F29C18489005DDAC7 /* EmoDiary.xcdatamodel */,
			);
			currentVersion = C820AC3F29C18489005DDAC7 /* EmoDiary.xcdatamodel */;
			path = EmoDiary.xcdatamodeld;
			sourceTree = "<group>";
			versionGroupType = wrapper.xcdatamodel;
		};
/* End XCVersionGroup section */
	};
	rootObject = C820AC2A29C18489005DDAC7 /* Project object */;
}
